
Microsoft Visual Studio Solution File, Format Version 12.00
# Visual Studio Version 17
VisualStudioVersion = 17.14.36930.0
MinimumVisualStudioVersion = 10.0.40219.1
Project("{FAE04EC0-301F-11D3-BF4B-00C04F79EFBC}") = "LivelySheets.MatchupService.API", "LivelySheets.MatchupService.API\LivelySheets.MatchupService.API.csproj", "{F1E21C62-DB7C-49A8-8238-D14BB64767C8}"
EndProject
Project("{FAE04EC0-301F-11D3-BF4B-00C04F79EFBC}") = "LivelySheets.MatchupService.Application", "LivelySheets.MatchupService.Application\LivelySheets.MatchupService.Application.csproj", "{71C6D994-16E5-4536-9EA2-D2C59DE6D36C}"
EndProject
Project("{FAE04EC0-301F-11D3-BF4B-00C04F79EFBC}") = "LivelySheets.MatchupService.Domain", "LivelySheets.MatchupService.Domain\LivelySheets.MatchupService.Domain.csproj", "{025DECAD-E659-402F-AB22-682EB35969D1}"
EndProject
Project("{FAE04EC0-301F-11D3-BF4B-00C04F79EFBC}") = "LivelySheets.MatchupService.Infrastructure", "LivelySheets.MatchupService.Infrastructure\LivelySheets.MatchupService.Infrastructure.csproj", "{FE22E548-2D1F-4660-A188-490C31AF1862}"
EndProject
Global
	GlobalSection(SolutionConfigurationPlatforms) = preSolution
		Debug|Any CPU = Debug|Any CPU
		Release|Any CPU = Release|Any CPU
	EndGlobalSection
	GlobalSection(ProjectConfigurationPlatforms) = postSolution
		{F1E21C62-DB7C-49A8-8238-D14BB64767C8}.Debug|Any CPU.ActiveCfg = Debug|Any CPU
		{F1E21C62-DB7C-49A8-8238-D14BB64767C8}.Debug|Any CPU.Build.0 = Debug|Any CPU
		{F1E21C62-DB7C-49A8-8238-D14BB64767C8}.Release|Any CPU.ActiveCfg = Release|Any CPU
		{F1E21C62-DB7C-49A8-8238-D14BB64767C8}.Release|Any CPU.Build.0 = Release|Any CPU
		{71C6D994-16E5-4536-9EA2-D2C59DE6D36C}.Debug|Any CPU.ActiveCfg = Debug|Any CPU
		{71C6D994-16E5-4536-9EA2-D2C59DE6D36C}.Debug|Any CPU.Build.0 = Debug|Any CPU
		{71C6D994-16E5-4536-9EA2-D2C59DE6D36C}.Release|Any CPU.ActiveCfg = Release|Any CPU
		{71C6D994-16E5-4536-9EA2-D2C59DE6D36C}.Release|Any CPU.Build.0 = Release|Any CPU
		{025DECAD-E659-402F-AB22-682EB35969D1}.Debug|Any CPU.ActiveCfg = Debug|Any CPU
		{025DECAD-E659-402F-AB22-682EB35969D1}.Debug|Any CPU.Build.0 = Debug|Any CPU
		{025DECAD-E659-402F-AB22-682EB35969D1}.Release|Any CPU.ActiveCfg = Release|Any CPU
		{025DECAD-E659-402F-AB22-682EB35969D1}.Release|Any CPU.Build.0 = Release|Any CPU
		{FE22E548-2D1F-4660-A188-490C31AF1862}.Debug|Any CPU.ActiveCfg = Debug|Any CPU
		{FE22E548-2D1F-4660-A188-490C31AF1862}.Debug|Any CPU.Build.0 = Debug|Any CPU
		{FE22E548-2D1F-4660-A188-490C31AF1862}.Release|Any CPU.ActiveCfg = Release|Any CPU
		{FE22E548-2D1F-4660-A188-490C31AF1862}.Release|Any CPU.Build.0 = Release|Any CPU
	EndGlobalSection
	GlobalSection(SolutionProperties) = preSolution
		HideSolutionNode = FALSE
	EndGlobalSection
	GlobalSection(ExtensibilityGlobals) = postSolution
		SolutionGuid = {E3DDECF1-A0A3-473A-B43A-BCA8748DC61E}
	EndGlobalSection
EndGlobal
